{
    "doctrine/instantiator": {
        "version": "1.4.0"
    },
    "friendsofsymfony/rest-bundle": {
        "version": "2.2",
        "recipe": {
            "repo": "github.com/symfony/recipes-contrib",
            "branch": "master",
            "version": "2.2",
            "ref": "cad41ef93d6150067ae2bb3c7fd729492dff6f0a"
        },
        "files": [
            "config/packages/fos_rest.yaml"
        ]
    },
    "jms/metadata": {
        "version": "2.5.0"
    },
    "jms/serializer": {
        "version": "3.12.3"
    },
    "jms/serializer-bundle": {
        "version": "3.0",
        "recipe": {
            "repo": "github.com/symfony/recipes-contrib",
            "branch": "master",
            "version": "3.0",
            "ref": "384cec52df45f3bfd46a09930d6960a58872b268"
        },
        "files": [
            "config/packages/dev/jms_serializer.yaml",
            "config/packages/jms_serializer.yaml",
            "config/packages/prod/jms_serializer.yaml"
        ]
    },
    "phpstan/phpdoc-parser": {
        "version": "0.5.4"
    },
    "sensio/framework-extra-bundle": {
        "version": "5.2",
        "recipe": {
            "repo": "github.com/symfony/recipes",
            "branch": "master",
            "version": "5.2",
            "ref": "fb7e19da7f013d0d422fa9bce16f5c510e27609b"
        },
        "files": [
            "config/packages/sensio_framework_extra.yaml"
        ]
    },
    "symfony/flex": {
        "version": "1.0",
        "recipe": {
            "repo": "github.com/symfony/recipes",
            "branch": "master",
            "version": "1.0",
            "ref": "c0eeb50665f0f77226616b6038a9b06c03752d8e"
        },
        "files": [
            ".env"
        ]
    },
    "willdurand/jsonp-callback-validator": {
        "version": "v1.1.0"
    },
    "willdurand/negotiation": {
        "version": "3.0.0"
    }
}
